# A voz tem ancora, no mesmo espirito do lei.lock.
#
# O audio e camada derivada e ADITIVA (CP-004), e o que o torna revisavel e
# ser reproduzivel: o modelo exato que sintetizou cada clipe esta travado
# aqui por sha256. Sem esta conferencia, dublar em outra maquina -- ou depois
# de um release novo do piper-voices -- produziria outro audio do que o
# commitado, e o diff de uma redublagem mostraria mudanca onde o texto nem
# mudou. O que e derivado tem de ser derivavel.
#
# Para avancar a ancora: change-proposal (caminho protegido). Nunca em
# silencio, porque avancar o modelo muda a voz de filmes ja publicados.
schema: estudio-suite/voz-lock@1

modelo:
  nome: pt_BR-faber-medium
  origem: https://huggingface.co/rhasspy/piper-voices/resolve/main/pt/pt_BR/faber/medium

arquivos:
  pt_BR-faber-medium.onnx:
    sha256: 858555e3a064209c57088fe6bd70c4c3dc54d03eaa00c45d5ecaf43a33f95aa7
    papel: "pesos do modelo acustico"
  pt_BR-faber-medium.onnx.json:
    sha256: 7e694de195ae3fc36dd732c445eb04fb49b649854893cb5506b978f0d50a1d6f
    papel: "configuracao: fonemizacao, taxa de amostragem (22050 Hz)"

# O ambiente de sintese (CP-007), no mesmo espirito dos pesos acima. O
# bloco arquivos responde "que modelo"; este responde "com o que ele
# rodou": piper, onnxruntime, numpy/scipy (o motor de timbre roda neles),
# o fonemizador que o wheel do piper EMBUTE (ancora por sha256 dos dados
# de fonemizacao -- a biblioteca nao expoe numero de versao), e o
# ffmpeg+libopus do mix. Medido na maquina que sintetizou os filmes
# publicados. Sem esta conferencia, redublagem em outra maquina mudaria
# bytes de clipe que ninguem editou: medido com piper/onnxruntime
# diferentes, as duracoes deslocam ate +0,08 s -- e a menor folga da
# jornada e 0,07 s. Para avancar: change-proposal, como qualquer ancora.
#
# CP-008: a ARQUITETURA e parte do ambiente (platform.machine() na
# maquina que sintetizou). O onnxruntime despacha kernels pela
# arquitetura da CPU: uma conferencia que passa em arm64 nao prova bytes
# que nasceram em x86_64. Lock sem esta linha e lock INCOMPLETO -- o
# dublar recusa em vez de assumir. O caminho portavel para dublar em
# qualquer host e a imagem que materializa este lock:
# ferramentas/dublador/dublar.sh <id> (build sempre linux/amd64).
#
# CP-009: o NUMERO DE THREADS do onnxruntime assina os bytes do mesmo
# jeito -- medido: o GEMM e particionado pelo numero de threads e a
# ordem das somas parciais em float muda com a particao. O default segue
# os nucleos FISICOS da maquina: o runner de 4 vCPU caia noutro regime
# sem ninguem ter mudado linha nenhuma, e o gate dublador oscilava com
# a sorte da frota (3 runs, 2 atratores).
#
# O valor ancorado e 2, o regime EFETIVO da maquina que sintetizou os
# filmes publicados (2 nucleos fisicos, default = 2) — provado por
# medicao, nao por hipotese: com a sessao explicita em (intra=2,
# inter=2), os 30 clipes reais da jornada saem com o MESMO sha256 do
# default, e a redublagem completa reproduz os 19 .opus byte a byte.
# O valor 1 foi medido e REPROVADO: 4 clipes reais (p04-raposa,
# p09-aguia x2, p12-aguia) mudam de PCM entre 1 e 2 -- a frase fixa do
# experimento inicial era regime-insensivel e mentiu por amostragem
# pequena (THREADS_NAO_BASTA registrado na CP-009). Lock sem esta linha
# e lock INCOMPLETO, e o dublar tambem exige
# OMP_NUM_THREADS/OPENBLAS_NUM_THREADS/MKL_NUM_THREADS iguais a ela no
# ambiente: threads vem daqui, de nenhum outro lugar.
#
# CP-011: a CLASSE DE SIMD entra pela mesma razao — com as threads
# ancoradas e LIDAS em 8/8 execucoes, 7 divergiram em AMD EPYC (sem
# avx512f no lscpu do runner) e 1 reproduziu byte a byte em Intel Xeon
# 8370C (com AVX-512, sem AMX): a classe seleciona os kernels do MLAS
# do onnxruntime, e a ordem das somas parciais em float muda com o
# kernel. O valor e avx512, a classe MEDIDA (flags, nunca fabricante)
# da maquina que sintetizou o commitado — a mesma classe do 8370C que
# reproduz. O classificador mora em estudio_suite/voz.py (um lugar so);
# o dublar grava o MEDIDO no audio.json (ambiente.classe_simd) e o
# fiscal de redublagem compara contra AQUI. Lock sem esta linha e lock
# INCOMPLETO. O bloco tolerancia nasceu na CP-012 — a decisao do dono
# (24/09/2026) trocou o ponto da prova de bytes para o PCM mixado e
# aceitou o codificador opus como divergente-por-familia sob TETO
# DECODIFICADO. A base e MEDIDA e herdada da CP-011: maximo observado
# em AMD-avx512 = -80.9 dBFS (jornada-dado; -83.1 no legitimo-interesse;
# 4 amostras, numeros identicos entre execucoes), margem declarada de
# 6 dB (quase 3x a dispersao observada de 2.2 dB entre os filmes) — o
# teto -74.9 fica abaixo do piso de -60 dBFS. Os tetos de DESCRITORES
# da classe avx2 (descritores_*) nascem da medicao da frota AVX2 contra
# a ancora na fase 2 desta CP, com a mesma disciplina: maximo observado
# + margem declarada, e controle positivo provando que discriminam.
# Sem as chaves da sua classe, o job RECUSA (lock incompleto) — nunca
# verde por omissao. Tolerancia sem teto medido e afrouxar fiscal.
ambiente:
  python: 3.12
  piper-tts: 1.8.0
  onnxruntime: 1.30.0
  numpy: 2.1.3
  scipy: 1.14.1
  espeak-ng: sha256:bc00fca4d93879ed50ff44e280d7d9ad30e00b1d2ee38b3dcefd40ed7a946b7a
  ffmpeg: 7.1.5-0+deb13u1
  libopus: 1.5.2
  arquitetura: x86_64
  threads: 2
  classe_simd: avx512

tolerancia:
  ponto: opus_decodificado
  base_dbfs: -80.9
  margem_db: 6
  residuo_max_dbfs: -74.9

# CP-013 (decisao do dono 24/09/2026, saida (e)): a AMOSTRAGEM DA FROTA.
# A prova decisiva e bytes do PCM mixado em copia AVX-512 visivel; a
# fracao da frota com avx512f visivel foi MEDIDA em todas as execucoes
# com lscpu das CPs 009, 011 e 012: 38/97 (0,39175) — o registro
# maquina-legivel (copia, CPU, avx512f, run) mora em
# harness/frota/execucoes.json, e o teste recalcula a fracao e o N
# conferindo contra AQUI. N = 8: o menor N com P(nenhuma copia
# AVX-512 no disparo) <= 2% — (59/97)^7 = 0,0308, (59/97)^8 =
# 0,01873. Sem as 25 copias dos 3 dispatches cancelados (que mediram
# lscpu antes do cancelamento), 29/72 daria o MESMO N=8. O workflow
# le o N AQUI (ci/pins_do_lock.py --amostragem-n) e monta a matrix de
# N copias — o numero nunca e digitado no YAML. Lock sem o bloco frota
# e lock INCOMPLETO (CP-013): recusa nomeada, nunca um N chutado.
#
# CP-015 (decisao do dono 25/09/2026): O N PELA JANELA MOVEL — a frota
# e um pool VIVO e a fracao 38/97 congelada ja nao o descreve: a era
# CP-013/014 entregou 30/112 (26,8%, cauda binomial 0,0041 do valor
# congelado; com a pendente do head final da CP-014, 32/120 = 26,7%).
# O N passa a ser o menor valor com P(zero copia AVX-512) <= 2% sobre
# a FRAÇÃO DAS ÚLTIMAS J EXECUÇÕES do registro do GATE
# (harness/frota/execucoes-gate.json — o registro das execucoes reais,
# uma entrada por tentativa), recalculavel pelo teste, que reprova "N
# desatualizado" se o valor AQUI divergir do recalculado. fracao_avx512f
# ACIMA fica como a ORIGEM CONGELADA da decisao CP-013 (o registro
# historico das CPs 009/011/012) — a fracao VIVA mora no registro do
# gate, na janela; p_zero_2pct e o alvo de probabilidade, a unica
# constante de desenho. J = 20: a janela cobre ~1 era de CP do gate
# (14-15 execucoes ate hoje — com J maior que o registro, o calculo
# declara "janela incompleta" e usa TODAS, nunca inventa fracao); cada
# execucao nova troca 5% da janela (reacao a deriva em dezenas de runs,
# nao em um); com ~8 copias por onda, 20 execucoes dao ~160 copias e o
# SE da fracao da janela e ~0,035 — o N sobe ~2 unidades por esse ruido
# (dN/dp ~ 58 com p ~ 0,27), menos que a deriva ja medida (38/97 ->
# 32/120 moveu o N de 8 para 13). O N MUDA POR PR DE MANUTENCAO (este
# bloco e o lugar unico — jamais commit automatico no main). A JANELA
# E VIVA DESDE O PRIMEIRO DIA — licao medida neste proprio PR: com as
# 15 execucoes do registro na abertura (32/120 = 0,2667) o N era 13;
# as DUAS execucoes deste PR (5 e 6 AVX-512 de 13 copias cada — sorteio
# rico) subiram a fracao para 43/146 = 0,2945 e o N CAIU para 12. O
# valor AQUI e o recalculado do registro FINAL deste PR (17 execucoes):
# (1-0,2945)^11 = 2,16% > 2%; ^12 = 1,53% <= 2% -> N = 12. A SEGUNDA
# ONDA (mesma decisao): se a primeira onda terminar com ZERO copias
# AVX-512, um job condicional roda a segunda onda de N copias no mesmo
# workflow; o agregador decide sobre as DUAS; SEM_AMOSTRA_DECISIVA so
# nasce apos duas ondas vazias — P(uma onda vazia) = 1,53%, P(duas) =
# 0,0231% (1 em 4329): o vermelho fica ~55x mais raro sem tocar no
# gate de bytes, e o RERUN humano deixa de ser o caminho de volta.
# Enquanto o registro for menor que J, cada PR de manutencao pode
# mover o N (a substituicao por execucao e grande); com a janela cheia,
# 5% por execucao amortece — o desenho reage a DERIVA, nao ao ruido de
# um run.
frota:
  amostragem: 12
  fracao_avx512f: 38/97
  p_zero_2pct: 0.02
  janela: 20
