# A voz tem ancora, no mesmo espirito do lei.lock.
#
# O audio e camada derivada e ADITIVA (CP-004), e o que o torna revisavel e
# ser reproduzivel: o modelo exato que sintetizou cada clipe esta travado
# aqui por sha256. Sem esta conferencia, dublar em outra maquina -- ou depois
# de um release novo do piper-voices -- produziria outro audio do que o
# commitado, e o diff de uma redublagem mostraria mudanca onde o texto nem
# mudou. O que e derivado tem de ser derivavel.
#
# Para avancar a ancora: change-proposal (caminho protegido). Nunca em
# silencio, porque avancar o modelo muda a voz de filmes ja publicados.
schema: estudio-suite/voz-lock@1

modelo:
  nome: pt_BR-faber-medium
  origem: https://huggingface.co/rhasspy/piper-voices/resolve/main/pt/pt_BR/faber/medium

arquivos:
  pt_BR-faber-medium.onnx:
    sha256: 858555e3a064209c57088fe6bd70c4c3dc54d03eaa00c45d5ecaf43a33f95aa7
    papel: "pesos do modelo acustico"
  pt_BR-faber-medium.onnx.json:
    sha256: 7e694de195ae3fc36dd732c445eb04fb49b649854893cb5506b978f0d50a1d6f
    papel: "configuracao: fonemizacao, taxa de amostragem (22050 Hz)"

# O ambiente de sintese (CP-007), no mesmo espirito dos pesos acima. O
# bloco arquivos responde "que modelo"; este responde "com o que ele
# rodou": piper, onnxruntime, numpy/scipy (o motor de timbre roda neles),
# o fonemizador que o wheel do piper EMBUTE (ancora por sha256 dos dados
# de fonemizacao -- a biblioteca nao expoe numero de versao), e o
# ffmpeg+libopus do mix. Medido na maquina que sintetizou os filmes
# publicados. Sem esta conferencia, redublagem em outra maquina mudaria
# bytes de clipe que ninguem editou: medido com piper/onnxruntime
# diferentes, as duracoes deslocam ate +0,08 s -- e a menor folga da
# jornada e 0,07 s. Para avancar: change-proposal, como qualquer ancora.
ambiente:
  python: 3.12
  piper-tts: 1.8.0
  onnxruntime: 1.30.0
  numpy: 2.1.3
  scipy: 1.14.1
  espeak-ng: sha256:bc00fca4d93879ed50ff44e280d7d9ad30e00b1d2ee38b3dcefd40ed7a946b7a
  ffmpeg: 7.1.5-0+deb13u1
  libopus: 1.5.2
